// !$*UTF8*$!
{
	archiveVersion = 1;
	classes = {
	};
	objectVersion = 50;
	objects = {

/* Begin PBXBuildFile section */
		86515EAD22363E86007D43AD /* APIController.swift in Sources */ = {isa = PBXBuildFile; fileRef = 86515EAC22363E86007D43AD /* APIController.swift */; };
		86515EAF223649BC007D43AD /* Configuration.swift in Sources */ = {isa = PBXBuildFile; fileRef = 86515EAE223649BC007D43AD /* Configuration.swift */; };
		86515EB722367666007D43AD /* AppDelegate.swift in Sources */ = {isa = PBXBuildFile; fileRef = 86515EB622367666007D43AD /* AppDelegate.swift */; };
		86515EB922367666007D43AD /* ViewController.swift in Sources */ = {isa = PBXBuildFile; fileRef = 86515EB822367666007D43AD /* ViewController.swift */; };
		86515EBC22367666007D43AD /* Main.storyboard in Resources */ = {isa = PBXBuildFile; fileRef = 86515EBA22367666007D43AD /* Main.storyboard */; };
		86515EBE22367669007D43AD /* Assets.xcassets in Resources */ = {isa = PBXBuildFile; fileRef = 86515EBD22367669007D43AD /* Assets.xcassets */; };
		86515EC122367669007D43AD /* LaunchScreen.storyboard in Resources */ = {isa = PBXBuildFile; fileRef = 86515EBF22367669007D43AD /* LaunchScreen.storyboard */; };
		86515ECC2236766A007D43AD /* iOSExampleTests.swift in Sources */ = {isa = PBXBuildFile; fileRef = 86515ECB2236766A007D43AD /* iOSExampleTests.swift */; };
		86515ED422377A6E007D43AD /* OWMSDK.framework in Frameworks */ = {isa = PBXBuildFile; fileRef = 865CD382222F9373003EDD94 /* OWMSDK.framework */; };
		86515ED522377A6E007D43AD /* OWMSDK.framework in Embed Frameworks */ = {isa = PBXBuildFile; fileRef = 865CD382222F9373003EDD94 /* OWMSDK.framework */; settings = {ATTRIBUTES = (CodeSignOnCopy, RemoveHeadersOnCopy, ); }; };
		86515EDA2237944E007D43AD /* OpenWeatherClient.swift in Sources */ = {isa = PBXBuildFile; fileRef = 86515ED92237944E007D43AD /* OpenWeatherClient.swift */; };
		86515EDC2237B3AF007D43AD /* APIHelper.swift in Sources */ = {isa = PBXBuildFile; fileRef = 86515EDB2237B3AF007D43AD /* APIHelper.swift */; };
		86515EE32237D859007D43AD /* Wind.swift in Sources */ = {isa = PBXBuildFile; fileRef = 86515EE22237D859007D43AD /* Wind.swift */; };
		865CD38C222F9373003EDD94 /* OWMSDK.framework in Frameworks */ = {isa = PBXBuildFile; fileRef = 865CD382222F9373003EDD94 /* OWMSDK.framework */; };
		865CD391222F9373003EDD94 /* OWMSDKTests.swift in Sources */ = {isa = PBXBuildFile; fileRef = 865CD390222F9373003EDD94 /* OWMSDKTests.swift */; };
		865CD393222F9373003EDD94 /* OWMSDK.h in Headers */ = {isa = PBXBuildFile; fileRef = 865CD385222F9373003EDD94 /* OWMSDK.h */; settings = {ATTRIBUTES = (Public, ); }; };
		865CD3A0222F9952003EDD94 /* HTTPClient.swift in Sources */ = {isa = PBXBuildFile; fileRef = 865CD39F222F9952003EDD94 /* HTTPClient.swift */; };
		865CD3A4222FB193003EDD94 /* HTTPMethod.swift in Sources */ = {isa = PBXBuildFile; fileRef = 865CD3A3222FB193003EDD94 /* HTTPMethod.swift */; };
		865CD3A6222FB383003EDD94 /* HTTPBodyRequest.swift in Sources */ = {isa = PBXBuildFile; fileRef = 865CD3A5222FB383003EDD94 /* HTTPBodyRequest.swift */; };
		865CD3A8222FB3EC003EDD94 /* HTTPRequest.swift in Sources */ = {isa = PBXBuildFile; fileRef = 865CD3A7222FB3EC003EDD94 /* HTTPRequest.swift */; };
		865CD3AB2231092A003EDD94 /* HTTPStringResponse.swift in Sources */ = {isa = PBXBuildFile; fileRef = 865CD3AA2231092A003EDD94 /* HTTPStringResponse.swift */; };
		865CD3AD223119D6003EDD94 /* HTTPResponse.swift in Sources */ = {isa = PBXBuildFile; fileRef = 865CD3AC223119D6003EDD94 /* HTTPResponse.swift */; };
		865CD3AF223282FD003EDD94 /* HTTPContext.swift in Sources */ = {isa = PBXBuildFile; fileRef = 865CD3AE223282FD003EDD94 /* HTTPContext.swift */; };
		865CD3B12232892B003EDD94 /* URLSessionClient.swift in Sources */ = {isa = PBXBuildFile; fileRef = 865CD3B02232892B003EDD94 /* URLSessionClient.swift */; };
		8667CD0B2238E3D0000EDF20 /* Sys.swift in Sources */ = {isa = PBXBuildFile; fileRef = 8667CD0A2238E3D0000EDF20 /* Sys.swift */; };
		8667CD0D2238EEC5000EDF20 /* Clouds.swift in Sources */ = {isa = PBXBuildFile; fileRef = 8667CD0C2238EEC5000EDF20 /* Clouds.swift */; };
		8667CD0F223904B6000EDF20 /* Weather.swift in Sources */ = {isa = PBXBuildFile; fileRef = 8667CD0E223904B6000EDF20 /* Weather.swift */; };
		8667CD112239059C000EDF20 /* Main.swift in Sources */ = {isa = PBXBuildFile; fileRef = 8667CD102239059C000EDF20 /* Main.swift */; };
		8667CD13223908D7000EDF20 /* Coord.swift in Sources */ = {isa = PBXBuildFile; fileRef = 8667CD12223908D7000EDF20 /* Coord.swift */; };
		8667CD1522390973000EDF20 /* Response.swift in Sources */ = {isa = PBXBuildFile; fileRef = 8667CD1422390973000EDF20 /* Response.swift */; };
/* End PBXBuildFile section */

/* Begin PBXContainerItemProxy section */
		86515EC82236766A007D43AD /* PBXContainerItemProxy */ = {
			isa = PBXContainerItemProxy;
			containerPortal = 865CD379222F9372003EDD94 /* Project object */;
			proxyType = 1;
			remoteGlobalIDString = 86515EB322367666007D43AD;
			remoteInfo = iOSExample;
		};
		86515ED622377A6E007D43AD /* PBXContainerItemProxy */ = {
			isa = PBXContainerItemProxy;
			containerPortal = 865CD379222F9372003EDD94 /* Project object */;
			proxyType = 1;
			remoteGlobalIDString = 865CD381222F9373003EDD94;
			remoteInfo = OWMSDK;
		};
		865CD38D222F9373003EDD94 /* PBXContainerItemProxy */ = {
			isa = PBXContainerItemProxy;
			containerPortal = 865CD379222F9372003EDD94 /* Project object */;
			proxyType = 1;
			remoteGlobalIDString = 865CD381222F9373003EDD94;
			remoteInfo = OWMSDK;
		};
/* End PBXContainerItemProxy section */

/* Begin PBXCopyFilesBuildPhase section */
		86515ED822377A6F007D43AD /* Embed Frameworks */ = {
			isa = PBXCopyFilesBuildPhase;
			buildActionMask = 2147483647;
			dstPath = "";
			dstSubfolderSpec = 10;
			files = (
				86515ED522377A6E007D43AD /* OWMSDK.framework in Embed Frameworks */,
			);
			name = "Embed Frameworks";
			runOnlyForDeploymentPostprocessing = 0;
		};
/* End PBXCopyFilesBuildPhase section */

/* Begin PBXFileReference section */
		86515EAC22363E86007D43AD /* APIController.swift */ = {isa = PBXFileReference; lastKnownFileType = sourcecode.swift; path = APIController.swift; sourceTree = "<group>"; };
		86515EAE223649BC007D43AD /* Configuration.swift */ = {isa = PBXFileReference; lastKnownFileType = sourcecode.swift; path = Configuration.swift; sourceTree = "<group>"; };
		86515EB422367666007D43AD /* iOSExample.app */ = {isa = PBXFileReference; explicitFileType = wrapper.application; includeInIndex = 0; path = iOSExample.app; sourceTree = BUILT_PRODUCTS_DIR; };
		86515EB622367666007D43AD /* AppDelegate.swift */ = {isa = PBXFileReference; lastKnownFileType = sourcecode.swift; path = AppDelegate.swift; sourceTree = "<group>"; };
		86515EB822367666007D43AD /* ViewController.swift */ = {isa = PBXFileReference; lastKnownFileType = sourcecode.swift; path = ViewController.swift; sourceTree = "<group>"; };
		86515EBB22367666007D43AD /* Base */ = {isa = PBXFileReference; lastKnownFileType = file.storyboard; name = Base; path = Base.lproj/Main.storyboard; sourceTree = "<group>"; };
		86515EBD22367669007D43AD /* Assets.xcassets */ = {isa = PBXFileReference; lastKnownFileType = folder.assetcatalog; path = Assets.xcassets; sourceTree = "<group>"; };
		86515EC022367669007D43AD /* Base */ = {isa = PBXFileReference; lastKnownFileType = file.storyboard; name = Base; path = Base.lproj/LaunchScreen.storyboard; sourceTree = "<group>"; };
		86515EC222367669007D43AD /* Info.plist */ = {isa = PBXFileReference; lastKnownFileType = text.plist.xml; path = Info.plist; sourceTree = "<group>"; };
		86515EC72236766A007D43AD /* iOSExampleTests.xctest */ = {isa = PBXFileReference; explicitFileType = wrapper.cfbundle; includeInIndex = 0; path = iOSExampleTests.xctest; sourceTree = BUILT_PRODUCTS_DIR; };
		86515ECB2236766A007D43AD /* iOSExampleTests.swift */ = {isa = PBXFileReference; lastKnownFileType = sourcecode.swift; path = iOSExampleTests.swift; sourceTree = "<group>"; };
		86515ECD2236766A007D43AD /* Info.plist */ = {isa = PBXFileReference; lastKnownFileType = text.plist.xml; path = Info.plist; sourceTree = "<group>"; };
		86515ED92237944E007D43AD /* OpenWeatherClient.swift */ = {isa = PBXFileReference; lastKnownFileType = sourcecode.swift; path = OpenWeatherClient.swift; sourceTree = "<group>"; };
		86515EDB2237B3AF007D43AD /* APIHelper.swift */ = {isa = PBXFileReference; lastKnownFileType = sourcecode.swift; path = APIHelper.swift; sourceTree = "<group>"; };
		86515EE22237D859007D43AD /* Wind.swift */ = {isa = PBXFileReference; lastKnownFileType = sourcecode.swift; path = Wind.swift; sourceTree = "<group>"; };
		865CD382222F9373003EDD94 /* OWMSDK.framework */ = {isa = PBXFileReference; explicitFileType = wrapper.framework; includeInIndex = 0; path = OWMSDK.framework; sourceTree = BUILT_PRODUCTS_DIR; };
		865CD385222F9373003EDD94 /* OWMSDK.h */ = {isa = PBXFileReference; lastKnownFileType = sourcecode.c.h; path = OWMSDK.h; sourceTree = "<group>"; };
		865CD386222F9373003EDD94 /* Info.plist */ = {isa = PBXFileReference; lastKnownFileType = text.plist.xml; path = Info.plist; sourceTree = "<group>"; };
		865CD38B222F9373003EDD94 /* OWMSDKTests.xctest */ = {isa = PBXFileReference; explicitFileType = wrapper.cfbundle; includeInIndex = 0; path = OWMSDKTests.xctest; sourceTree = BUILT_PRODUCTS_DIR; };
		865CD390222F9373003EDD94 /* OWMSDKTests.swift */ = {isa = PBXFileReference; lastKnownFileType = sourcecode.swift; path = OWMSDKTests.swift; sourceTree = "<group>"; };
		865CD392222F9373003EDD94 /* Info.plist */ = {isa = PBXFileReference; lastKnownFileType = text.plist.xml; path = Info.plist; sourceTree = "<group>"; };
		865CD39F222F9952003EDD94 /* HTTPClient.swift */ = {isa = PBXFileReference; lastKnownFileType = sourcecode.swift; path = HTTPClient.swift; sourceTree = "<group>"; };
		865CD3A3222FB193003EDD94 /* HTTPMethod.swift */ = {isa = PBXFileReference; lastKnownFileType = sourcecode.swift; path = HTTPMethod.swift; sourceTree = "<group>"; };
		865CD3A5222FB383003EDD94 /* HTTPBodyRequest.swift */ = {isa = PBXFileReference; lastKnownFileType = sourcecode.swift; path = HTTPBodyRequest.swift; sourceTree = "<group>"; };
		865CD3A7222FB3EC003EDD94 /* HTTPRequest.swift */ = {isa = PBXFileReference; lastKnownFileType = sourcecode.swift; path = HTTPRequest.swift; sourceTree = "<group>"; };
		865CD3AA2231092A003EDD94 /* HTTPStringResponse.swift */ = {isa = PBXFileReference; lastKnownFileType = sourcecode.swift; path = HTTPStringResponse.swift; sourceTree = "<group>"; };
		865CD3AC223119D6003EDD94 /* HTTPResponse.swift */ = {isa = PBXFileReference; lastKnownFileType = sourcecode.swift; path = HTTPResponse.swift; sourceTree = "<group>"; };
		865CD3AE223282FD003EDD94 /* HTTPContext.swift */ = {isa = PBXFileReference; lastKnownFileType = sourcecode.swift; path = HTTPContext.swift; sourceTree = "<group>"; };
		865CD3B02232892B003EDD94 /* URLSessionClient.swift */ = {isa = PBXFileReference; lastKnownFileType = sourcecode.swift; path = URLSessionClient.swift; sourceTree = "<group>"; };
		8667CD0A2238E3D0000EDF20 /* Sys.swift */ = {isa = PBXFileReference; lastKnownFileType = sourcecode.swift; path = Sys.swift; sourceTree = "<group>"; };
		8667CD0C2238EEC5000EDF20 /* Clouds.swift */ = {isa = PBXFileReference; lastKnownFileType = sourcecode.swift; path = Clouds.swift; sourceTree = "<group>"; };
		8667CD0E223904B6000EDF20 /* Weather.swift */ = {isa = PBXFileReference; lastKnownFileType = sourcecode.swift; path = Weather.swift; sourceTree = "<group>"; };
		8667CD102239059C000EDF20 /* Main.swift */ = {isa = PBXFileReference; lastKnownFileType = sourcecode.swift; path = Main.swift; sourceTree = "<group>"; };
		8667CD12223908D7000EDF20 /* Coord.swift */ = {isa = PBXFileReference; lastKnownFileType = sourcecode.swift; path = Coord.swift; sourceTree = "<group>"; };
		8667CD1422390973000EDF20 /* Response.swift */ = {isa = PBXFileReference; lastKnownFileType = sourcecode.swift; path = Response.swift; sourceTree = "<group>"; };
/* End PBXFileReference section */

/* Begin PBXFrameworksBuildPhase section */
		86515EB122367666007D43AD /* Frameworks */ = {
			isa = PBXFrameworksBuildPhase;
			buildActionMask = 2147483647;
			files = (
				86515ED422377A6E007D43AD /* OWMSDK.framework in Frameworks */,
			);
			runOnlyForDeploymentPostprocessing = 0;
		};
		86515EC42236766A007D43AD /* Frameworks */ = {
			isa = PBXFrameworksBuildPhase;
			buildActionMask = 2147483647;
			files = (
			);
			runOnlyForDeploymentPostprocessing = 0;
		};
		865CD37F222F9373003EDD94 /* Frameworks */ = {
			isa = PBXFrameworksBuildPhase;
			buildActionMask = 2147483647;
			files = (
			);
			runOnlyForDeploymentPostprocessing = 0;
		};
		865CD388222F9373003EDD94 /* Frameworks */ = {
			isa = PBXFrameworksBuildPhase;
			buildActionMask = 2147483647;
			files = (
				865CD38C222F9373003EDD94 /* OWMSDK.framework in Frameworks */,
			);
			runOnlyForDeploymentPostprocessing = 0;
		};
/* End PBXFrameworksBuildPhase section */

/* Begin PBXGroup section */
		86515EB522367666007D43AD /* iOSExample */ = {
			isa = PBXGroup;
			children = (
				86515EB622367666007D43AD /* AppDelegate.swift */,
				86515EB822367666007D43AD /* ViewController.swift */,
				86515EBA22367666007D43AD /* Main.storyboard */,
				86515EBD22367669007D43AD /* Assets.xcassets */,
				86515EBF22367669007D43AD /* LaunchScreen.storyboard */,
				86515EC222367669007D43AD /* Info.plist */,
			);
			path = iOSExample;
			sourceTree = "<group>";
		};
		86515ECA2236766A007D43AD /* iOSExampleTests */ = {
			isa = PBXGroup;
			children = (
				86515ECB2236766A007D43AD /* iOSExampleTests.swift */,
				86515ECD2236766A007D43AD /* Info.plist */,
			);
			path = iOSExampleTests;
			sourceTree = "<group>";
		};
		86515EE12237D796007D43AD /* Models */ = {
			isa = PBXGroup;
			children = (
				86515EE22237D859007D43AD /* Wind.swift */,
				8667CD0A2238E3D0000EDF20 /* Sys.swift */,
				8667CD0C2238EEC5000EDF20 /* Clouds.swift */,
				8667CD0E223904B6000EDF20 /* Weather.swift */,
				8667CD102239059C000EDF20 /* Main.swift */,
				8667CD12223908D7000EDF20 /* Coord.swift */,
				8667CD1422390973000EDF20 /* Response.swift */,
			);
			path = Models;
			sourceTree = "<group>";
		};
		865CD378222F9372003EDD94 = {
			isa = PBXGroup;
			children = (
				865CD384222F9373003EDD94 /* OWMSDK */,
				865CD38F222F9373003EDD94 /* OWMSDKTests */,
				86515EB522367666007D43AD /* iOSExample */,
				86515ECA2236766A007D43AD /* iOSExampleTests */,
				865CD383222F9373003EDD94 /* Products */,
			);
			sourceTree = "<group>";
		};
		865CD383222F9373003EDD94 /* Products */ = {
			isa = PBXGroup;
			children = (
				865CD382222F9373003EDD94 /* OWMSDK.framework */,
				865CD38B222F9373003EDD94 /* OWMSDKTests.xctest */,
				86515EB422367666007D43AD /* iOSExample.app */,
				86515EC72236766A007D43AD /* iOSExampleTests.xctest */,
			);
			name = Products;
			sourceTree = "<group>";
		};
		865CD384222F9373003EDD94 /* OWMSDK */ = {
			isa = PBXGroup;
			children = (
				86515EE12237D796007D43AD /* Models */,
				865CD39E222F9698003EDD94 /* HTTP */,
				865CD39D222F9690003EDD94 /* Controllers */,
				865CD385222F9373003EDD94 /* OWMSDK.h */,
				865CD386222F9373003EDD94 /* Info.plist */,
				86515EAE223649BC007D43AD /* Configuration.swift */,
				86515ED92237944E007D43AD /* OpenWeatherClient.swift */,
				86515EDB2237B3AF007D43AD /* APIHelper.swift */,
			);
			path = OWMSDK;
			sourceTree = "<group>";
		};
		865CD38F222F9373003EDD94 /* OWMSDKTests */ = {
			isa = PBXGroup;
			children = (
				865CD390222F9373003EDD94 /* OWMSDKTests.swift */,
				865CD392222F9373003EDD94 /* Info.plist */,
			);
			path = OWMSDKTests;
			sourceTree = "<group>";
		};
		865CD39D222F9690003EDD94 /* Controllers */ = {
			isa = PBXGroup;
			children = (
				86515EAC22363E86007D43AD /* APIController.swift */,
			);
			path = Controllers;
			sourceTree = "<group>";
		};
		865CD39E222F9698003EDD94 /* HTTP */ = {
			isa = PBXGroup;
			children = (
				865CD3A922310908003EDD94 /* Response */,
				865CD3A2222FB167003EDD94 /* Request */,
				865CD3A1222FB145003EDD94 /* Client */,
			);
			path = HTTP;
			sourceTree = "<group>";
		};
		865CD3A1222FB145003EDD94 /* Client */ = {
			isa = PBXGroup;
			children = (
				865CD39F222F9952003EDD94 /* HTTPClient.swift */,
				865CD3AE223282FD003EDD94 /* HTTPContext.swift */,
				865CD3B02232892B003EDD94 /* URLSessionClient.swift */,
			);
			path = Client;
			sourceTree = "<group>";
		};
		865CD3A2222FB167003EDD94 /* Request */ = {
			isa = PBXGroup;
			children = (
				865CD3A3222FB193003EDD94 /* HTTPMethod.swift */,
				865CD3A5222FB383003EDD94 /* HTTPBodyRequest.swift */,
				865CD3A7222FB3EC003EDD94 /* HTTPRequest.swift */,
			);
			path = Request;
			sourceTree = "<group>";
		};
		865CD3A922310908003EDD94 /* Response */ = {
			isa = PBXGroup;
			children = (
				865CD3AA2231092A003EDD94 /* HTTPStringResponse.swift */,
				865CD3AC223119D6003EDD94 /* HTTPResponse.swift */,
			);
			path = Response;
			sourceTree = "<group>";
		};
/* End PBXGroup section */

/* Begin PBXHeadersBuildPhase section */
		865CD37D222F9373003EDD94 /* Headers */ = {
			isa = PBXHeadersBuildPhase;
			buildActionMask = 2147483647;
			files = (
				865CD393222F9373003EDD94 /* OWMSDK.h in Headers */,
			);
			runOnlyForDeploymentPostprocessing = 0;
		};
/* End PBXHeadersBuildPhase section */

/* Begin PBXNativeTarget section */
		86515EB322367666007D43AD /* iOSExample */ = {
			isa = PBXNativeTarget;
			buildConfigurationList = 86515ECE2236766A007D43AD /* Build configuration list for PBXNativeTarget "iOSExample" */;
			buildPhases = (
				86515EB022367666007D43AD /* Sources */,
				86515EB122367666007D43AD /* Frameworks */,
				86515EB222367666007D43AD /* Resources */,
				86515ED822377A6F007D43AD /* Embed Frameworks */,
			);
			buildRules = (
			);
			dependencies = (
				86515ED722377A6E007D43AD /* PBXTargetDependency */,
			);
			name = iOSExample;
			productName = iOSExample;
			productReference = 86515EB422367666007D43AD /* iOSExample.app */;
			productType = "com.apple.product-type.application";
		};
		86515EC62236766A007D43AD /* iOSExampleTests */ = {
			isa = PBXNativeTarget;
			buildConfigurationList = 86515ED12236766A007D43AD /* Build configuration list for PBXNativeTarget "iOSExampleTests" */;
			buildPhases = (
				86515EC32236766A007D43AD /* Sources */,
				86515EC42236766A007D43AD /* Frameworks */,
				86515EC52236766A007D43AD /* Resources */,
			);
			buildRules = (
			);
			dependencies = (
				86515EC92236766A007D43AD /* PBXTargetDependency */,
			);
			name = iOSExampleTests;
			productName = iOSExampleTests;
			productReference = 86515EC72236766A007D43AD /* iOSExampleTests.xctest */;
			productType = "com.apple.product-type.bundle.unit-test";
		};
		865CD381222F9373003EDD94 /* OWMSDK */ = {
			isa = PBXNativeTarget;
			buildConfigurationList = 865CD396222F9373003EDD94 /* Build configuration list for PBXNativeTarget "OWMSDK" */;
			buildPhases = (
				865CD37D222F9373003EDD94 /* Headers */,
				865CD37E222F9373003EDD94 /* Sources */,
				865CD37F222F9373003EDD94 /* Frameworks */,
				865CD380222F9373003EDD94 /* Resources */,
			);
			buildRules = (
			);
			dependencies = (
			);
			name = OWMSDK;
			productName = OWMSDK;
			productReference = 865CD382222F9373003EDD94 /* OWMSDK.framework */;
			productType = "com.apple.product-type.framework";
		};
		865CD38A222F9373003EDD94 /* OWMSDKTests */ = {
			isa = PBXNativeTarget;
			buildConfigurationList = 865CD399222F9373003EDD94 /* Build configuration list for PBXNativeTarget "OWMSDKTests" */;
			buildPhases = (
				865CD387222F9373003EDD94 /* Sources */,
				865CD388222F9373003EDD94 /* Frameworks */,
				865CD389222F9373003EDD94 /* Resources */,
			);
			buildRules = (
			);
			dependencies = (
				865CD38E222F9373003EDD94 /* PBXTargetDependency */,
			);
			name = OWMSDKTests;
			productName = OWMSDKTests;
			productReference = 865CD38B222F9373003EDD94 /* OWMSDKTests.xctest */;
			productType = "com.apple.product-type.bundle.unit-test";
		};
/* End PBXNativeTarget section */

/* Begin PBXProject section */
		865CD379222F9372003EDD94 /* Project object */ = {
			isa = PBXProject;
			attributes = {
				LastSwiftUpdateCheck = 1010;
				LastUpgradeCheck = 1010;
				ORGANIZATIONNAME = Wajahat;
				TargetAttributes = {
					86515EB322367666007D43AD = {
						CreatedOnToolsVersion = 10.1;
					};
					86515EC62236766A007D43AD = {
						CreatedOnToolsVersion = 10.1;
						TestTargetID = 86515EB322367666007D43AD;
					};
					865CD381222F9373003EDD94 = {
						CreatedOnToolsVersion = 10.1;
						LastSwiftMigration = 1010;
					};
					865CD38A222F9373003EDD94 = {
						CreatedOnToolsVersion = 10.1;
					};
				};
			};
			buildConfigurationList = 865CD37C222F9372003EDD94 /* Build configuration list for PBXProject "OWMSDK" */;
			compatibilityVersion = "Xcode 9.3";
			developmentRegion = en;
			hasScannedForEncodings = 0;
			knownRegions = (
				en,
				Base,
			);
			mainGroup = 865CD378222F9372003EDD94;
			productRefGroup = 865CD383222F9373003EDD94 /* Products */;
			projectDirPath = "";
			projectRoot = "";
			targets = (
				865CD381222F9373003EDD94 /* OWMSDK */,
				865CD38A222F9373003EDD94 /* OWMSDKTests */,
				86515EB322367666007D43AD /* iOSExample */,
				86515EC62236766A007D43AD /* iOSExampleTests */,
			);
		};
/* End PBXProject section */

/* Begin PBXResourcesBuildPhase section */
		86515EB222367666007D43AD /* Resources */ = {
			isa = PBXResourcesBuildPhase;
			buildActionMask = 2147483647;
			files = (
				86515EC122367669007D43AD /* LaunchScreen.storyboard in Resources */,
				86515EBE22367669007D43AD /* Assets.xcassets in Resources */,
				86515EBC22367666007D43AD /* Main.storyboard in Resources */,
			);
			runOnlyForDeploymentPostprocessing = 0;
		};
		86515EC52236766A007D43AD /* Resources */ = {
			isa = PBXResourcesBuildPhase;
			buildActionMask = 2147483647;
			files = (
			);
			runOnlyForDeploymentPostprocessing = 0;
		};
		865CD380222F9373003EDD94 /* Resources */ = {
			isa = PBXResourcesBuildPhase;
			buildActionMask = 2147483647;
			files = (
			);
			runOnlyForDeploymentPostprocessing = 0;
		};
		865CD389222F9373003EDD94 /* Resources */ = {
			isa = PBXResourcesBuildPhase;
			buildActionMask = 2147483647;
			files = (
			);
			runOnlyForDeploymentPostprocessing = 0;
		};
/* End PBXResourcesBuildPhase section */

/* Begin PBXSourcesBuildPhase section */
		86515EB022367666007D43AD /* Sources */ = {
			isa = PBXSourcesBuildPhase;
			buildActionMask = 2147483647;
			files = (
				86515EB922367666007D43AD /* ViewController.swift in Sources */,
				86515EB722367666007D43AD /* AppDelegate.swift in Sources */,
			);
			runOnlyForDeploymentPostprocessing = 0;
		};
		86515EC32236766A007D43AD /* Sources */ = {
			isa = PBXSourcesBuildPhase;
			buildActionMask = 2147483647;
			files = (
				86515ECC2236766A007D43AD /* iOSExampleTests.swift in Sources */,
			);
			runOnlyForDeploymentPostprocessing = 0;
		};
		865CD37E222F9373003EDD94 /* Sources */ = {
			isa = PBXSourcesBuildPhase;
			buildActionMask = 2147483647;
			files = (
				86515EDC2237B3AF007D43AD /* APIHelper.swift in Sources */,
				8667CD13223908D7000EDF20 /* Coord.swift in Sources */,
				8667CD0D2238EEC5000EDF20 /* Clouds.swift in Sources */,
				86515EDA2237944E007D43AD /* OpenWeatherClient.swift in Sources */,
				8667CD0F223904B6000EDF20 /* Weather.swift in Sources */,
				8667CD0B2238E3D0000EDF20 /* Sys.swift in Sources */,
				86515EAD22363E86007D43AD /* APIController.swift in Sources */,
				865CD3AD223119D6003EDD94 /* HTTPResponse.swift in Sources */,
				865CD3A4222FB193003EDD94 /* HTTPMethod.swift in Sources */,
				865CD3AB2231092A003EDD94 /* HTTPStringResponse.swift in Sources */,
				865CD3A8222FB3EC003EDD94 /* HTTPRequest.swift in Sources */,
				8667CD1522390973000EDF20 /* Response.swift in Sources */,
				8667CD112239059C000EDF20 /* Main.swift in Sources */,
				865CD3AF223282FD003EDD94 /* HTTPContext.swift in Sources */,
				86515EAF223649BC007D43AD /* Configuration.swift in Sources */,
				86515EE32237D859007D43AD /* Wind.swift in Sources */,
				865CD3A0222F9952003EDD94 /* HTTPClient.swift in Sources */,
				865CD3A6222FB383003EDD94 /* HTTPBodyRequest.swift in Sources */,
				865CD3B12232892B003EDD94 /* URLSessionClient.swift in Sources */,
			);
			runOnlyForDeploymentPostprocessing = 0;
		};
		865CD387222F9373003EDD94 /* Sources */ = {
			isa = PBXSourcesBuildPhase;
			buildActionMask = 2147483647;
			files = (
				865CD391222F9373003EDD94 /* OWMSDKTests.swift in Sources */,
			);
			runOnlyForDeploymentPostprocessing = 0;
		};
/* End PBXSourcesBuildPhase section */

/* Begin PBXTargetDependency section */
		86515EC92236766A007D43AD /* PBXTargetDependency */ = {
			isa = PBXTargetDependency;
			target = 86515EB322367666007D43AD /* iOSExample */;
			targetProxy = 86515EC82236766A007D43AD /* PBXContainerItemProxy */;
		};
		86515ED722377A6E007D43AD /* PBXTargetDependency */ = {
			isa = PBXTargetDependency;
			target = 865CD381222F9373003EDD94 /* OWMSDK */;
			targetProxy = 86515ED622377A6E007D43AD /* PBXContainerItemProxy */;
		};
		865CD38E222F9373003EDD94 /* PBXTargetDependency */ = {
			isa = PBXTargetDependency;
			target = 865CD381222F9373003EDD94 /* OWMSDK */;
			targetProxy = 865CD38D222F9373003EDD94 /* PBXContainerItemProxy */;
		};
/* End PBXTargetDependency section */

/* Begin PBXVariantGroup section */
		86515EBA22367666007D43AD /* Main.storyboard */ = {
			isa = PBXVariantGroup;
			children = (
				86515EBB22367666007D43AD /* Base */,
			);
			name = Main.storyboard;
			sourceTree = "<group>";
		};
		86515EBF22367669007D43AD /* LaunchScreen.storyboard */ = {
			isa = PBXVariantGroup;
			children = (
				86515EC022367669007D43AD /* Base */,
			);
			name = LaunchScreen.storyboard;
			sourceTree = "<group>";
		};
/* End PBXVariantGroup section */

/* Begin XCBuildConfiguration section */
		86515ECF2236766A007D43AD /* Debug */ = {
			isa = XCBuildConfiguration;
			buildSettings = {
				ALWAYS_EMBED_SWIFT_STANDARD_LIBRARIES = YES;
				ASSETCATALOG_COMPILER_APPICON_NAME = AppIcon;
				CODE_SIGN_STYLE = Automatic;
				INFOPLIST_FILE = iOSExample/Info.plist;
				LD_RUNPATH_SEARCH_PATHS = (
					"$(inherited)",
					"@executable_path/Frameworks",
				);
				PRODUCT_BUNDLE_IDENTIFIER = com.example.iOSExample;
				PRODUCT_NAME = "$(TARGET_NAME)";
				SWIFT_VERSION = 4.2;
				TARGETED_DEVICE_FAMILY = "1,2";
			};
			name = Debug;
		};
		86515ED02236766A007D43AD /* Release */ = {
			isa = XCBuildConfiguration;
			buildSettings = {
				ALWAYS_EMBED_SWIFT_STANDARD_LIBRARIES = YES;
				ASSETCATALOG_COMPILER_APPICON_NAME = AppIcon;
				CODE_SIGN_STYLE = Automatic;
				INFOPLIST_FILE = iOSExample/Info.plist;
				LD_RUNPATH_SEARCH_PATHS = (
					"$(inherited)",
					"@executable_path/Frameworks",
				);
				PRODUCT_BUNDLE_IDENTIFIER = com.example.iOSExample;
				PRODUCT_NAME = "$(TARGET_NAME)";
				SWIFT_VERSION = 4.2;
				TARGETED_DEVICE_FAMILY = "1,2";
			};
			name = Release;
		};
		86515ED22236766A007D43AD /* Debug */ = {
			isa = XCBuildConfiguration;
			buildSettings = {
				ALWAYS_EMBED_SWIFT_STANDARD_LIBRARIES = YES;
				BUNDLE_LOADER = "$(TEST_HOST)";
				CODE_SIGN_STYLE = Automatic;
				INFOPLIST_FILE = iOSExampleTests/Info.plist;
				LD_RUNPATH_SEARCH_PATHS = (
					"$(inherited)",
					"@executable_path/Frameworks",
					"@loader_path/Frameworks",
				);
				PRODUCT_BUNDLE_IDENTIFIER = com.example.iOSExampleTests;
				PRODUCT_NAME = "$(TARGET_NAME)";
				SWIFT_VERSION = 4.2;
				TARGETED_DEVICE_FAMILY = "1,2";
				TEST_HOST = "$(BUILT_PRODUCTS_DIR)/iOSExample.app/iOSExample";
			};
			name = Debug;
		};
		86515ED32236766A007D43AD /* Release */ = {
			isa = XCBuildConfiguration;
			buildSettings = {
				ALWAYS_EMBED_SWIFT_STANDARD_LIBRARIES = YES;
				BUNDLE_LOADER = "$(TEST_HOST)";
				CODE_SIGN_STYLE = Automatic;
				INFOPLIST_FILE = iOSExampleTests/Info.plist;
				LD_RUNPATH_SEARCH_PATHS = (
					"$(inherited)",
					"@executable_path/Frameworks",
					"@loader_path/Frameworks",
				);
				PRODUCT_BUNDLE_IDENTIFIER = com.example.iOSExampleTests;
				PRODUCT_NAME = "$(TARGET_NAME)";
				SWIFT_VERSION = 4.2;
				TARGETED_DEVICE_FAMILY = "1,2";
				TEST_HOST = "$(BUILT_PRODUCTS_DIR)/iOSExample.app/iOSExample";
			};
			name = Release;
		};
		865CD394222F9373003EDD94 /* Debug */ = {
			isa = XCBuildConfiguration;
			buildSettings = {
				ALWAYS_SEARCH_USER_PATHS = NO;
				CLANG_ANALYZER_NONNULL = YES;
				CLANG_ANALYZER_NUMBER_OBJECT_CONVERSION = YES_AGGRESSIVE;
				CLANG_CXX_LANGUAGE_STANDARD = "gnu++14";
				CLANG_CXX_LIBRARY = "libc++";
				CLANG_ENABLE_MODULES = YES;
				CLANG_ENABLE_OBJC_ARC = YES;
				CLANG_ENABLE_OBJC_WEAK = YES;
				CLANG_WARN_BLOCK_CAPTURE_AUTORELEASING = YES;
				CLANG_WARN_BOOL_CONVERSION = YES;
				CLANG_WARN_COMMA = YES;
				CLANG_WARN_CONSTANT_CONVERSION = YES;
				CLANG_WARN_DEPRECATED_OBJC_IMPLEMENTATIONS = YES;
				CLANG_WARN_DIRECT_OBJC_ISA_USAGE = YES_ERROR;
				CLANG_WARN_DOCUMENTATION_COMMENTS = YES;
				CLANG_WARN_EMPTY_BODY = YES;
				CLANG_WARN_ENUM_CONVERSION = YES;
				CLANG_WARN_INFINITE_RECURSION = YES;
				CLANG_WARN_INT_CONVERSION = YES;
				CLANG_WARN_NON_LITERAL_NULL_CONVERSION = YES;
				CLANG_WARN_OBJC_IMPLICIT_RETAIN_SELF = YES;
				CLANG_WARN_OBJC_LITERAL_CONVERSION = YES;
				CLANG_WARN_OBJC_ROOT_CLASS = YES_ERROR;
				CLANG_WARN_RANGE_LOOP_ANALYSIS = YES;
				CLANG_WARN_STRICT_PROTOTYPES = YES;
				CLANG_WARN_SUSPICIOUS_MOVE = YES;
				CLANG_WARN_UNGUARDED_AVAILABILITY = YES_AGGRESSIVE;
				CLANG_WARN_UNREACHABLE_CODE = YES;
				CLANG_WARN__DUPLICATE_METHOD_MATCH = YES;
				CODE_SIGN_IDENTITY = "iPhone Developer";
				COPY_PHASE_STRIP = NO;
				CURRENT_PROJECT_VERSION = 1;
				DEBUG_INFORMATION_FORMAT = dwarf;
				ENABLE_STRICT_OBJC_MSGSEND = YES;
				ENABLE_TESTABILITY = YES;
				GCC_C_LANGUAGE_STANDARD = gnu11;
				GCC_DYNAMIC_NO_PIC = NO;
				GCC_NO_COMMON_BLOCKS = YES;
				GCC_OPTIMIZATION_LEVEL = 0;
				GCC_PREPROCESSOR_DEFINITIONS = (
					"DEBUG=1",
					"$(inherited)",
				);
				GCC_WARN_64_TO_32_BIT_CONVERSION = YES;
				GCC_WARN_ABOUT_RETURN_TYPE = YES_ERROR;
				GCC_WARN_UNDECLARED_SELECTOR = YES;
				GCC_WARN_UNINITIALIZED_AUTOS = YES_AGGRESSIVE;
				GCC_WARN_UNUSED_FUNCTION = YES;
				GCC_WARN_UNUSED_VARIABLE = YES;
				IPHONEOS_DEPLOYMENT_TARGET = 12.1;
				MTL_ENABLE_DEBUG_INFO = INCLUDE_SOURCE;
				MTL_FAST_MATH = YES;
				ONLY_ACTIVE_ARCH = YES;
				SDKROOT = iphoneos;
				SWIFT_ACTIVE_COMPILATION_CONDITIONS = DEBUG;
				SWIFT_OPTIMIZATION_LEVEL = "-Onone";
				VERSIONING_SYSTEM = "apple-generic";
				VERSION_INFO_PREFIX = "";
			};
			name = Debug;
		};
		865CD395222F9373003EDD94 /* Release */ = {
			isa = XCBuildConfiguration;
			buildSettings = {
				ALWAYS_SEARCH_USER_PATHS = NO;
				CLANG_ANALYZER_NONNULL = YES;
				CLANG_ANALYZER_NUMBER_OBJECT_CONVERSION = YES_AGGRESSIVE;
				CLANG_CXX_LANGUAGE_STANDARD = "gnu++14";
				CLANG_CXX_LIBRARY = "libc++";
				CLANG_ENABLE_MODULES = YES;
				CLANG_ENABLE_OBJC_ARC = YES;
				CLANG_ENABLE_OBJC_WEAK = YES;
				CLANG_WARN_BLOCK_CAPTURE_AUTORELEASING = YES;
				CLANG_WARN_BOOL_CONVERSION = YES;
				CLANG_WARN_COMMA = YES;
				CLANG_WARN_CONSTANT_CONVERSION = YES;
				CLANG_WARN_DEPRECATED_OBJC_IMPLEMENTATIONS = YES;
				CLANG_WARN_DIRECT_OBJC_ISA_USAGE = YES_ERROR;
				CLANG_WARN_DOCUMENTATION_COMMENTS = YES;
				CLANG_WARN_EMPTY_BODY = YES;
				CLANG_WARN_ENUM_CONVERSION = YES;
				CLANG_WARN_INFINITE_RECURSION = YES;
				CLANG_WARN_INT_CONVERSION = YES;
				CLANG_WARN_NON_LITERAL_NULL_CONVERSION = YES;
				CLANG_WARN_OBJC_IMPLICIT_RETAIN_SELF = YES;
				CLANG_WARN_OBJC_LITERAL_CONVERSION = YES;
				CLANG_WARN_OBJC_ROOT_CLASS = YES_ERROR;
				CLANG_WARN_RANGE_LOOP_ANALYSIS = YES;
				CLANG_WARN_STRICT_PROTOTYPES = YES;
				CLANG_WARN_SUSPICIOUS_MOVE = YES;
				CLANG_WARN_UNGUARDED_AVAILABILITY = YES_AGGRESSIVE;
				CLANG_WARN_UNREACHABLE_CODE = YES;
				CLANG_WARN__DUPLICATE_METHOD_MATCH = YES;
				CODE_SIGN_IDENTITY = "iPhone Developer";
				COPY_PHASE_STRIP = NO;
				CURRENT_PROJECT_VERSION = 1;
				DEBUG_INFORMATION_FORMAT = "dwarf-with-dsym";
				ENABLE_NS_ASSERTIONS = NO;
				ENABLE_STRICT_OBJC_MSGSEND = YES;
				GCC_C_LANGUAGE_STANDARD = gnu11;
				GCC_NO_COMMON_BLOCKS = YES;
				GCC_WARN_64_TO_32_BIT_CONVERSION = YES;
				GCC_WARN_ABOUT_RETURN_TYPE = YES_ERROR;
				GCC_WARN_UNDECLARED_SELECTOR = YES;
				GCC_WARN_UNINITIALIZED_AUTOS = YES_AGGRESSIVE;
				GCC_WARN_UNUSED_FUNCTION = YES;
				GCC_WARN_UNUSED_VARIABLE = YES;
				IPHONEOS_DEPLOYMENT_TARGET = 12.1;
				MTL_ENABLE_DEBUG_INFO = NO;
				MTL_FAST_MATH = YES;
				SDKROOT = iphoneos;
				SWIFT_COMPILATION_MODE = wholemodule;
				SWIFT_OPTIMIZATION_LEVEL = "-O";
				VALIDATE_PRODUCT = YES;
				VERSIONING_SYSTEM = "apple-generic";
				VERSION_INFO_PREFIX = "";
			};
			name = Release;
		};
		865CD397222F9373003EDD94 /* Debug */ = {
			isa = XCBuildConfiguration;
			buildSettings = {
				CLANG_ENABLE_MODULES = YES;
				CODE_SIGN_IDENTITY = "";
				CODE_SIGN_STYLE = Automatic;
				DEFINES_MODULE = YES;
				DYLIB_COMPATIBILITY_VERSION = 1;
				DYLIB_CURRENT_VERSION = 1;
				DYLIB_INSTALL_NAME_BASE = "@rpath";
				INFOPLIST_FILE = OWMSDK/Info.plist;
				INSTALL_PATH = "$(LOCAL_LIBRARY_DIR)/Frameworks";
				LD_RUNPATH_SEARCH_PATHS = (
					"$(inherited)",
					"@executable_path/Frameworks",
					"@loader_path/Frameworks",
				);
				PRODUCT_BUNDLE_IDENTIFIER = com.example.OWMSDK;
				PRODUCT_NAME = "$(TARGET_NAME:c99extidentifier)";
				SKIP_INSTALL = YES;
				SWIFT_OPTIMIZATION_LEVEL = "-Onone";
				SWIFT_VERSION = 4.2;
				TARGETED_DEVICE_FAMILY = "1,2";
			};
			name = Debug;
		};
		865CD398222F9373003EDD94 /* Release */ = {
			isa = XCBuildConfiguration;
			buildSettings = {
				CLANG_ENABLE_MODULES = YES;
				CODE_SIGN_IDENTITY = "";
				CODE_SIGN_STYLE = Automatic;
				DEFINES_MODULE = YES;
				DYLIB_COMPATIBILITY_VERSION = 1;
				DYLIB_CURRENT_VERSION = 1;
				DYLIB_INSTALL_NAME_BASE = "@rpath";
				INFOPLIST_FILE = OWMSDK/Info.plist;
				INSTALL_PATH = "$(LOCAL_LIBRARY_DIR)/Frameworks";
				LD_RUNPATH_SEARCH_PATHS = (
					"$(inherited)",
					"@executable_path/Frameworks",
					"@loader_path/Frameworks",
				);
				PRODUCT_BUNDLE_IDENTIFIER = com.example.OWMSDK;
				PRODUCT_NAME = "$(TARGET_NAME:c99extidentifier)";
				SKIP_INSTALL = YES;
				SWIFT_VERSION = 4.2;
				TARGETED_DEVICE_FAMILY = "1,2";
			};
			name = Release;
		};
		865CD39A222F9373003EDD94 /* Debug */ = {
			isa = XCBuildConfiguration;
			buildSettings = {
				ALWAYS_EMBED_SWIFT_STANDARD_LIBRARIES = YES;
				CODE_SIGN_STYLE = Automatic;
				INFOPLIST_FILE = OWMSDKTests/Info.plist;
				LD_RUNPATH_SEARCH_PATHS = (
					"$(inherited)",
					"@executable_path/Frameworks",
					"@loader_path/Frameworks",
				);
				PRODUCT_BUNDLE_IDENTIFIER = com.example.OWMSDKTests;
				PRODUCT_NAME = "$(TARGET_NAME)";
				SWIFT_VERSION = 4.2;
				TARGETED_DEVICE_FAMILY = "1,2";
			};
			name = Debug;
		};
		865CD39B222F9373003EDD94 /* Release */ = {
			isa = XCBuildConfiguration;
			buildSettings = {
				ALWAYS_EMBED_SWIFT_STANDARD_LIBRARIES = YES;
				CODE_SIGN_STYLE = Automatic;
				INFOPLIST_FILE = OWMSDKTests/Info.plist;
				LD_RUNPATH_SEARCH_PATHS = (
					"$(inherited)",
					"@executable_path/Frameworks",
					"@loader_path/Frameworks",
				);
				PRODUCT_BUNDLE_IDENTIFIER = com.example.OWMSDKTests;
				PRODUCT_NAME = "$(TARGET_NAME)";
				SWIFT_VERSION = 4.2;
				TARGETED_DEVICE_FAMILY = "1,2";
			};
			name = Release;
		};
/* End XCBuildConfiguration section */

/* Begin XCConfigurationList section */
		86515ECE2236766A007D43AD /* Build configuration list for PBXNativeTarget "iOSExample" */ = {
			isa = XCConfigurationList;
			buildConfigurations = (
				86515ECF2236766A007D43AD /* Debug */,
				86515ED02236766A007D43AD /* Release */,
			);
			defaultConfigurationIsVisible = 0;
			defaultConfigurationName = Release;
		};
		86515ED12236766A007D43AD /* Build configuration list for PBXNativeTarget "iOSExampleTests" */ = {
			isa = XCConfigurationList;
			buildConfigurations = (
				86515ED22236766A007D43AD /* Debug */,
				86515ED32236766A007D43AD /* Release */,
			);
			defaultConfigurationIsVisible = 0;
			defaultConfigurationName = Release;
		};
		865CD37C222F9372003EDD94 /* Build configuration list for PBXProject "OWMSDK" */ = {
			isa = XCConfigurationList;
			buildConfigurations = (
				865CD394222F9373003EDD94 /* Debug */,
				865CD395222F9373003EDD94 /* Release */,
			);
			defaultConfigurationIsVisible = 0;
			defaultConfigurationName = Release;
		};
		865CD396222F9373003EDD94 /* Build configuration list for PBXNativeTarget "OWMSDK" */ = {
			isa = XCConfigurationList;
			buildConfigurations = (
				865CD397222F9373003EDD94 /* Debug */,
				865CD398222F9373003EDD94 /* Release */,
			);
			defaultConfigurationIsVisible = 0;
			defaultConfigurationName = Release;
		};
		865CD399222F9373003EDD94 /* Build configuration list for PBXNativeTarget "OWMSDKTests" */ = {
			isa = XCConfigurationList;
			buildConfigurations = (
				865CD39A222F9373003EDD94 /* Debug */,
				865CD39B222F9373003EDD94 /* Release */,
			);
			defaultConfigurationIsVisible = 0;
			defaultConfigurationName = Release;
		};
/* End XCConfigurationList section */
	};
	rootObject = 865CD379222F9372003EDD94 /* Project object */;
}
